// !$*UTF8*$!
{
	archiveVersion = 1;
	classes = {
	};
	objectVersion = 56;
	objects = {

/* Begin PBXBuildFile section */
		6E8E6B8529375118003365CF /* AppDelegate.swift in Sources */ = {isa = PBXBuildFile; fileRef = 6E8E6B8429375118003365CF /* AppDelegate.swift */; };
		6E8E6B8729375118003365CF /* SceneDelegate.swift in Sources */ = {isa = PBXBuildFile; fileRef = 6E8E6B8629375118003365CF /* SceneDelegate.swift */; };
		6E8E6B8C29375118003365CF /* Main.storyboard in Resources */ = {isa = PBXBuildFile; fileRef = 6E8E6B8A29375118003365CF /* Main.storyboard */; };
		6E8E6B8E2937511A003365CF /* Assets.xcassets in Resources */ = {isa = PBXBuildFile; fileRef = 6E8E6B8D2937511A003365CF /* Assets.xcassets */; };
		6E8E6B912937511A003365CF /* LaunchScreen.storyboard in Resources */ = {isa = PBXBuildFile; fileRef = 6E8E6B8F2937511A003365CF /* LaunchScreen.storyboard */; };
		6E8E6B9C2937511A003365CF /* mySwiftStudyTests.swift in Sources */ = {isa = PBXBuildFile; fileRef = 6E8E6B9B2937511A003365CF /* mySwiftStudyTests.swift */; };
		6E8E6BA62937511A003365CF /* mySwiftStudyUITests.swift in Sources */ = {isa = PBXBuildFile; fileRef = 6E8E6BA52937511A003365CF /* mySwiftStudyUITests.swift */; };
		6E8E6BA82937511A003365CF /* mySwiftStudyUITestsLaunchTests.swift in Sources */ = {isa = PBXBuildFile; fileRef = 6E8E6BA72937511A003365CF /* mySwiftStudyUITestsLaunchTests.swift */; };
		6E8E6BB529375138003365CF /* DelegatePatternViewController.swift in Sources */ = {isa = PBXBuildFile; fileRef = 6E8E6BB429375138003365CF /* DelegatePatternViewController.swift */; };
		6E8E6BBC293846F7003365CF /* UIText.storyboard in Resources */ = {isa = PBXBuildFile; fileRef = 6E8E6BBA293846F7003365CF /* UIText.storyboard */; };
		6E8E6BBE29384750003365CF /* UITextViewController.swift in Sources */ = {isa = PBXBuildFile; fileRef = 6E8E6BBD29384750003365CF /* UITextViewController.swift */; };
		6E8E6BC129384CEA003365CF /* UITextInputViewController.swift in Sources */ = {isa = PBXBuildFile; fileRef = 6E8E6BC029384CEA003365CF /* UITextInputViewController.swift */; };
/* End PBXBuildFile section */

/* Begin PBXContainerItemProxy section */
		6E8E6B982937511A003365CF /* PBXContainerItemProxy */ = {
			isa = PBXContainerItemProxy;
			containerPortal = 6E8E6B7929375118003365CF /* Project object */;
			proxyType = 1;
			remoteGlobalIDString = 6E8E6B8029375118003365CF;
			remoteInfo = mySwiftStudy;
		};
		6E8E6BA22937511A003365CF /* PBXContainerItemProxy */ = {
			isa = PBXContainerItemProxy;
			containerPortal = 6E8E6B7929375118003365CF /* Project object */;
			proxyType = 1;
			remoteGlobalIDString = 6E8E6B8029375118003365CF;
			remoteInfo = mySwiftStudy;
		};
/* End PBXContainerItemProxy section */

/* Begin PBXFileReference section */
		6E8E6B8129375118003365CF /* mySwiftStudy.app */ = {isa = PBXFileReference; explicitFileType = wrapper.application; includeInIndex = 0; path = mySwiftStudy.app; sourceTree = BUILT_PRODUCTS_DIR; };
		6E8E6B8429375118003365CF /* AppDelegate.swift */ = {isa = PBXFileReference; lastKnownFileType = sourcecode.swift; path = AppDelegate.swift; sourceTree = "<group>"; };
		6E8E6B8629375118003365CF /* SceneDelegate.swift */ = {isa = PBXFileReference; lastKnownFileType = sourcecode.swift; path = SceneDelegate.swift; sourceTree = "<group>"; };
		6E8E6B8B29375118003365CF /* Base */ = {isa = PBXFileReference; lastKnownFileType = file.storyboard; name = Base; path = Base.lproj/Main.storyboard; sourceTree = "<group>"; };
		6E8E6B8D2937511A003365CF /* Assets.xcassets */ = {isa = PBXFileReference; lastKnownFileType = folder.assetcatalog; path = Assets.xcassets; sourceTree = "<group>"; };
		6E8E6B902937511A003365CF /* Base */ = {isa = PBXFileReference; lastKnownFileType = file.storyboard; name = Base; path = Base.lproj/LaunchScreen.storyboard; sourceTree = "<group>"; };
		6E8E6B922937511A003365CF /* Info.plist */ = {isa = PBXFileReference; lastKnownFileType = text.plist.xml; path = Info.plist; sourceTree = "<group>"; };
		6E8E6B972937511A003365CF /* mySwiftStudyTests.xctest */ = {isa = PBXFileReference; explicitFileType = wrapper.cfbundle; includeInIndex = 0; path = mySwiftStudyTests.xctest; sourceTree = BUILT_PRODUCTS_DIR; };
		6E8E6B9B2937511A003365CF /* mySwiftStudyTests.swift */ = {isa = PBXFileReference; lastKnownFileType = sourcecode.swift; path = mySwiftStudyTests.swift; sourceTree = "<group>"; };
		6E8E6BA12937511A003365CF /* mySwiftStudyUITests.xctest */ = {isa = PBXFileReference; explicitFileType = wrapper.cfbundle; includeInIndex = 0; path = mySwiftStudyUITests.xctest; sourceTree = BUILT_PRODUCTS_DIR; };
		6E8E6BA52937511A003365CF /* mySwiftStudyUITests.swift */ = {isa = PBXFileReference; lastKnownFileType = sourcecode.swift; path = mySwiftStudyUITests.swift; sourceTree = "<group>"; };
		6E8E6BA72937511A003365CF /* mySwiftStudyUITestsLaunchTests.swift */ = {isa = PBXFileReference; lastKnownFileType = sourcecode.swift; path = mySwiftStudyUITestsLaunchTests.swift; sourceTree = "<group>"; };
		6E8E6BB429375138003365CF /* DelegatePatternViewController.swift */ = {isa = PBXFileReference; lastKnownFileType = sourcecode.swift; path = DelegatePatternViewController.swift; sourceTree = "<group>"; };
		6E8E6BBB293846F7003365CF /* Base */ = {isa = PBXFileReference; lastKnownFileType = file.storyboard; name = Base; path = Base.lproj/UIText.storyboard; sourceTree = "<group>"; };
		6E8E6BBD29384750003365CF /* UITextViewController.swift */ = {isa = PBXFileReference; lastKnownFileType = sourcecode.swift; path = UITextViewController.swift; sourceTree = "<group>"; };
		6E8E6BC029384CEA003365CF /* UITextInputViewController.swift */ = {isa = PBXFileReference; lastKnownFileType = sourcecode.swift; path = UITextInputViewController.swift; sourceTree = "<group>"; };
/* End PBXFileReference section */

/* Begin PBXFrameworksBuildPhase section */
		6E8E6B7E29375118003365CF /* Frameworks */ = {
			isa = PBXFrameworksBuildPhase;
			buildActionMask = 2147483647;
			files = (
			);
			runOnlyForDeploymentPostprocessing = 0;
		};
		6E8E6B942937511A003365CF /* Frameworks */ = {
			isa = PBXFrameworksBuildPhase;
			buildActionMask = 2147483647;
			files = (
			);
			runOnlyForDeploymentPostprocessing = 0;
		};
		6E8E6B9E2937511A003365CF /* Frameworks */ = {
			isa = PBXFrameworksBuildPhase;
			buildActionMask = 2147483647;
			files = (
			);
			runOnlyForDeploymentPostprocessing = 0;
		};
/* End PBXFrameworksBuildPhase section */

/* Begin PBXGroup section */
		6E8E6B7829375118003365CF = {
			isa = PBXGroup;
			children = (
				6E8E6B8329375118003365CF /* mySwiftStudy */,
				6E8E6B9A2937511A003365CF /* mySwiftStudyTests */,
				6E8E6BA42937511A003365CF /* mySwiftStudyUITests */,
				6E8E6B8229375118003365CF /* Products */,
			);
			sourceTree = "<group>";
		};
		6E8E6B8229375118003365CF /* Products */ = {
			isa = PBXGroup;
			children = (
				6E8E6B8129375118003365CF /* mySwiftStudy.app */,
				6E8E6B972937511A003365CF /* mySwiftStudyTests.xctest */,
				6E8E6BA12937511A003365CF /* mySwiftStudyUITests.xctest */,
			);
			name = Products;
			sourceTree = "<group>";
		};
		6E8E6B8329375118003365CF /* mySwiftStudy */ = {
			isa = PBXGroup;
			children = (
				6E8E6BBF29384CB9003365CF /* UITextView */,
				6E8E6B8429375118003365CF /* AppDelegate.swift */,
				6E8E6B8629375118003365CF /* SceneDelegate.swift */,
				6E8E6B8A29375118003365CF /* Main.storyboard */,
				6E8E6BBA293846F7003365CF /* UIText.storyboard */,
				6E8E6BBD29384750003365CF /* UITextViewController.swift */,
				6E8E6BB429375138003365CF /* DelegatePatternViewController.swift */,
				6E8E6B8D2937511A003365CF /* Assets.xcassets */,
				6E8E6B8F2937511A003365CF /* LaunchScreen.storyboard */,
				6E8E6B922937511A003365CF /* Info.plist */,
			);
			path = mySwiftStudy;
			sourceTree = "<group>";
		};
		6E8E6B9A2937511A003365CF /* mySwiftStudyTests */ = {
			isa = PBXGroup;
			children = (
				6E8E6B9B2937511A003365CF /* mySwiftStudyTests.swift */,
			);
			path = mySwiftStudyTests;
			sourceTree = "<group>";
		};
		6E8E6BA42937511A003365CF /* mySwiftStudyUITests */ = {
			isa = PBXGroup;
			children = (
				6E8E6BA52937511A003365CF /* mySwiftStudyUITests.swift */,
				6E8E6BA72937511A003365CF /* mySwiftStudyUITestsLaunchTests.swift */,
			);
			path = mySwiftStudyUITests;
			sourceTree = "<group>";
		};
		6E8E6BBF29384CB9003365CF /* UITextView */ = {
			isa = PBXGroup;
			children = (
				6E8E6BC029384CEA003365CF /* UITextInputViewController.swift */,
			);
			path = UITextView;
			sourceTree = "<group>";
		};
/* End PBXGroup section */

/* Begin PBXNativeTarget section */
		6E8E6B8029375118003365CF /* mySwiftStudy */ = {
			isa = PBXNativeTarget;
			buildConfigurationList = 6E8E6BAB2937511A003365CF /* Build configuration list for PBXNativeTarget "mySwiftStudy" */;
			buildPhases = (
				6E8E6B7D29375118003365CF /* Sources */,
				6E8E6B7E29375118003365CF /* Frameworks */,
				6E8E6B7F29375118003365CF /* Resources */,
			);
			buildRules = (
			);
			dependencies = (
			);
			name = mySwiftStudy;
			productName = mySwiftStudy;
			productReference = 6E8E6B8129375118003365CF /* mySwiftStudy.app */;
			productType = "com.apple.product-type.application";
		};
		6E8E6B962937511A003365CF /* mySwiftStudyTests */ = {
			isa = PBXNativeTarget;
			buildConfigurationList = 6E8E6BAE2937511A003365CF /* Build configuration list for PBXNativeTarget "mySwiftStudyTests" */;
			buildPhases = (
				6E8E6B932937511A003365CF /* Sources */,
				6E8E6B942937511A003365CF /* Frameworks */,
				6E8E6B952937511A003365CF /* Resources */,
			);
			buildRules = (
			);
			dependencies = (
				6E8E6B992937511A003365CF /* PBXTargetDependency */,
			);
			name = mySwiftStudyTests;
			productName = mySwiftStudyTests;
			productReference = 6E8E6B972937511A003365CF /* mySwiftStudyTests.xctest */;
			productType = "com.apple.product-type.bundle.unit-test";
		};
		6E8E6BA02937511A003365CF /* mySwiftStudyUITests */ = {
			isa = PBXNativeTarget;
			buildConfigurationList = 6E8E6BB12937511A003365CF /* Build configuration list for PBXNativeTarget "mySwiftStudyUITests" */;
			buildPhases = (
				6E8E6B9D2937511A003365CF /* Sources */,
				6E8E6B9E2937511A003365CF /* Frameworks */,
				6E8E6B9F2937511A003365CF /* Resources */,
			);
			buildRules = (
			);
			dependencies = (
				6E8E6BA32937511A003365CF /* PBXTargetDependency */,
			);
			name = mySwiftStudyUITests;
			productName = mySwiftStudyUITests;
			productReference = 6E8E6BA12937511A003365CF /* mySwiftStudyUITests.xctest */;
			productType = "com.apple.product-type.bundle.ui-testing";
		};
/* End PBXNativeTarget section */

/* Begin PBXProject section */
		6E8E6B7929375118003365CF /* Project object */ = {
			isa = PBXProject;
			attributes = {
				BuildIndependentTargetsInParallel = 1;
				LastSwiftUpdateCheck = 1410;
				LastUpgradeCheck = 1410;
				TargetAttributes = {
					6E8E6B8029375118003365CF = {
						CreatedOnToolsVersion = 14.1;
					};
					6E8E6B962937511A003365CF = {
						CreatedOnToolsVersion = 14.1;
						TestTargetID = 6E8E6B8029375118003365CF;
					};
					6E8E6BA02937511A003365CF = {
						CreatedOnToolsVersion = 14.1;
						TestTargetID = 6E8E6B8029375118003365CF;
					};
				};
			};
			buildConfigurationList = 6E8E6B7C29375118003365CF /* Build configuration list for PBXProject "mySwiftStudy" */;
			compatibilityVersion = "Xcode 14.0";
			developmentRegion = en;
			hasScannedForEncodings = 0;
			knownRegions = (
				en,
				Base,
			);
			mainGroup = 6E8E6B7829375118003365CF;
			productRefGroup = 6E8E6B8229375118003365CF /* Products */;
			projectDirPath = "";
			projectRoot = "";
			targets = (
				6E8E6B8029375118003365CF /* mySwiftStudy */,
				6E8E6B962937511A003365CF /* mySwiftStudyTests */,
				6E8E6BA02937511A003365CF /* mySwiftStudyUITests */,
			);
		};
/* End PBXProject section */

/* Begin PBXResourcesBuildPhase section */
		6E8E6B7F29375118003365CF /* Resources */ = {
			isa = PBXResourcesBuildPhase;
			buildActionMask = 2147483647;
			files = (
				6E8E6B912937511A003365CF /* LaunchScreen.storyboard in Resources */,
				6E8E6B8E2937511A003365CF /* Assets.xcassets in Resources */,
				6E8E6B8C29375118003365CF /* Main.storyboard in Resources */,
				6E8E6BBC293846F7003365CF /* UIText.storyboard in Resources */,
			);
			runOnlyForDeploymentPostprocessing = 0;
		};
		6E8E6B952937511A003365CF /* Resources */ = {
			isa = PBXResourcesBuildPhase;
			buildActionMask = 2147483647;
			files = (
			);
			runOnlyForDeploymentPostprocessing = 0;
		};
		6E8E6B9F2937511A003365CF /* Resources */ = {
			isa = PBXResourcesBuildPhase;
			buildActionMask = 2147483647;
			files = (
			);
			runOnlyForDeploymentPostprocessing = 0;
		};
/* End PBXResourcesBuildPhase section */

/* Begin PBXSourcesBuildPhase section */
		6E8E6B7D29375118003365CF /* Sources */ = {
			isa = PBXSourcesBuildPhase;
			buildActionMask = 2147483647;
			files = (
				6E8E6BC129384CEA003365CF /* UITextInputViewController.swift in Sources */,
				6E8E6B8529375118003365CF /* AppDelegate.swift in Sources */,
				6E8E6B8729375118003365CF /* SceneDelegate.swift in Sources */,
				6E8E6BB529375138003365CF /* DelegatePatternViewController.swift in Sources */,
				6E8E6BBE29384750003365CF /* UITextViewController.swift in Sources */,
			);
			runOnlyForDeploymentPostprocessing = 0;
		};
		6E8E6B932937511A003365CF /* Sources */ = {
			isa = PBXSourcesBuildPhase;
			buildActionMask = 2147483647;
			files = (
				6E8E6B9C2937511A003365CF /* mySwiftStudyTests.swift in Sources */,
			);
			runOnlyForDeploymentPostprocessing = 0;
		};
		6E8E6B9D2937511A003365CF /* Sources */ = {
			isa = PBXSourcesBuildPhase;
			buildActionMask = 2147483647;
			files = (
				6E8E6BA82937511A003365CF /* mySwiftStudyUITestsLaunchTests.swift in Sources */,
				6E8E6BA62937511A003365CF /* mySwiftStudyUITests.swift in Sources */,
			);
			runOnlyForDeploymentPostprocessing = 0;
		};
/* End PBXSourcesBuildPhase section */

/* Begin PBXTargetDependency section */
		6E8E6B992937511A003365CF /* PBXTargetDependency */ = {
			isa = PBXTargetDependency;
			target = 6E8E6B8029375118003365CF /* mySwiftStudy */;
			targetProxy = 6E8E6B982937511A003365CF /* PBXContainerItemProxy */;
		};
		6E8E6BA32937511A003365CF /* PBXTargetDependency */ = {
			isa = PBXTargetDependency;
			target = 6E8E6B8029375118003365CF /* mySwiftStudy */;
			targetProxy = 6E8E6BA22937511A003365CF /* PBXContainerItemProxy */;
		};
/* End PBXTargetDependency section */

/* Begin PBXVariantGroup section */
		6E8E6B8A29375118003365CF /* Main.storyboard */ = {
			isa = PBXVariantGroup;
			children = (
				6E8E6B8B29375118003365CF /* Base */,
			);
			name = Main.storyboard;
			sourceTree = "<group>";
		};
		6E8E6B8F2937511A003365CF /* LaunchScreen.storyboard */ = {
			isa = PBXVariantGroup;
			children = (
				6E8E6B902937511A003365CF /* Base */,
			);
			name = LaunchScreen.storyboard;
			sourceTree = "<group>";
		};
		6E8E6BBA293846F7003365CF /* UIText.storyboard */ = {
			isa = PBXVariantGroup;
			children = (
				6E8E6BBB293846F7003365CF /* Base */,
			);
			name = UIText.storyboard;
			sourceTree = "<group>";
		};
/* End PBXVariantGroup section */

/* Begin XCBuildConfiguration section */
		6E8E6BA92937511A003365CF /* Debug */ = {
			isa = XCBuildConfiguration;
			buildSettings = {
				ALWAYS_SEARCH_USER_PATHS = NO;
				CLANG_ANALYZER_NONNULL = YES;
				CLANG_ANALYZER_NUMBER_OBJECT_CONVERSION = YES_AGGRESSIVE;
				CLANG_CXX_LANGUAGE_STANDARD = "gnu++20";
				CLANG_ENABLE_MODULES = YES;
				CLANG_ENABLE_OBJC_ARC = YES;
				CLANG_ENABLE_OBJC_WEAK = YES;
				CLANG_WARN_BLOCK_CAPTURE_AUTORELEASING = YES;
				CLANG_WARN_BOOL_CONVERSION = YES;
				CLANG_WARN_COMMA = YES;
				CLANG_WARN_CONSTANT_CONVERSION = YES;
				CLANG_WARN_DEPRECATED_OBJC_IMPLEMENTATIONS = YES;
				CLANG_WARN_DIRECT_OBJC_ISA_USAGE = YES_ERROR;
				CLANG_WARN_DOCUMENTATION_COMMENTS = YES;
				CLANG_WARN_EMPTY_BODY = YES;
				CLANG_WARN_ENUM_CONVERSION = YES;
				CLANG_WARN_INFINITE_RECURSION = YES;
				CLANG_WARN_INT_CONVERSION = YES;
				CLANG_WARN_NON_LITERAL_NULL_CONVERSION = YES;
				CLANG_WARN_OBJC_IMPLICIT_RETAIN_SELF = YES;
				CLANG_WARN_OBJC_LITERAL_CONVERSION = YES;
				CLANG_WARN_OBJC_ROOT_CLASS = YES_ERROR;
				CLANG_WARN_QUOTED_INCLUDE_IN_FRAMEWORK_HEADER = YES;
				CLANG_WARN_RANGE_LOOP_ANALYSIS = YES;
				CLANG_WARN_STRICT_PROTOTYPES = YES;
				CLANG_WARN_SUSPICIOUS_MOVE = YES;
				CLANG_WARN_UNGUARDED_AVAILABILITY = YES_AGGRESSIVE;
				CLANG_WARN_UNREACHABLE_CODE = YES;
				CLANG_WARN__DUPLICATE_METHOD_MATCH = YES;
				COPY_PHASE_STRIP = NO;
				DEBUG_INFORMATION_FORMAT = dwarf;
				ENABLE_STRICT_OBJC_MSGSEND = YES;
				ENABLE_TESTABILITY = YES;
				GCC_C_LANGUAGE_STANDARD = gnu11;
				GCC_DYNAMIC_NO_PIC = NO;
				GCC_NO_COMMON_BLOCKS = YES;
				GCC_OPTIMIZATION_LEVEL = 0;
				GCC_PREPROCESSOR_DEFINITIONS = (
					"DEBUG=1",
					"$(inherited)",
				);
				GCC_WARN_64_TO_32_BIT_CONVERSION = YES;
				GCC_WARN_ABOUT_RETURN_TYPE = YES_ERROR;
				GCC_WARN_UNDECLARED_SELECTOR = YES;
				GCC_WARN_UNINITIALIZED_AUTOS = YES_AGGRESSIVE;
				GCC_WARN_UNUSED_FUNCTION = YES;
				GCC_WARN_UNUSED_VARIABLE = YES;
				IPHONEOS_DEPLOYMENT_TARGET = 16.1;
				MTL_ENABLE_DEBUG_INFO = INCLUDE_SOURCE;
				MTL_FAST_MATH = YES;
				ONLY_ACTIVE_ARCH = YES;
				SDKROOT = iphoneos;
				SWIFT_ACTIVE_COMPILATION_CONDITIONS = DEBUG;
				SWIFT_OPTIMIZATION_LEVEL = "-Onone";
			};
			name = Debug;
		};
		6E8E6BAA2937511A003365CF /* Release */ = {
			isa = XCBuildConfiguration;
			buildSettings = {
				ALWAYS_SEARCH_USER_PATHS = NO;
				CLANG_ANALYZER_NONNULL = YES;
				CLANG_ANALYZER_NUMBER_OBJECT_CONVERSION = YES_AGGRESSIVE;
				CLANG_CXX_LANGUAGE_STANDARD = "gnu++20";
				CLANG_ENABLE_MODULES = YES;
				CLANG_ENABLE_OBJC_ARC = YES;
				CLANG_ENABLE_OBJC_WEAK = YES;
				CLANG_WARN_BLOCK_CAPTURE_AUTORELEASING = YES;
				CLANG_WARN_BOOL_CONVERSION = YES;
				CLANG_WARN_COMMA = YES;
				CLANG_WARN_CONSTANT_CONVERSION = YES;
				CLANG_WARN_DEPRECATED_OBJC_IMPLEMENTATIONS = YES;
				CLANG_WARN_DIRECT_OBJC_ISA_USAGE = YES_ERROR;
				CLANG_WARN_DOCUMENTATION_COMMENTS = YES;
				CLANG_WARN_EMPTY_BODY = YES;
				CLANG_WARN_ENUM_CONVERSION = YES;
				CLANG_WARN_INFINITE_RECURSION = YES;
				CLANG_WARN_INT_CONVERSION = YES;
				CLANG_WARN_NON_LITERAL_NULL_CONVERSION = YES;
				CLANG_WARN_OBJC_IMPLICIT_RETAIN_SELF = YES;
				CLANG_WARN_OBJC_LITERAL_CONVERSION = YES;
				CLANG_WARN_OBJC_ROOT_CLASS = YES_ERROR;
				CLANG_WARN_QUOTED_INCLUDE_IN_FRAMEWORK_HEADER = YES;
				CLANG_WARN_RANGE_LOOP_ANALYSIS = YES;
				CLANG_WARN_STRICT_PROTOTYPES = YES;
				CLANG_WARN_SUSPICIOUS_MOVE = YES;
				CLANG_WARN_UNGUARDED_AVAILABILITY = YES_AGGRESSIVE;
				CLANG_WARN_UNREACHABLE_CODE = YES;
				CLANG_WARN__DUPLICATE_METHOD_MATCH = YES;
				COPY_PHASE_STRIP = NO;
				DEBUG_INFORMATION_FORMAT = "dwarf-with-dsym";
				ENABLE_NS_ASSERTIONS = NO;
				ENABLE_STRICT_OBJC_MSGSEND = YES;
				GCC_C_LANGUAGE_STANDARD = gnu11;
				GCC_NO_COMMON_BLOCKS = YES;
				GCC_WARN_64_TO_32_BIT_CONVERSION = YES;
				GCC_WARN_ABOUT_RETURN_TYPE = YES_ERROR;
				GCC_WARN_UNDECLARED_SELECTOR = YES;
				GCC_WARN_UNINITIALIZED_AUTOS = YES_AGGRESSIVE;
				GCC_WARN_UNUSED_FUNCTION = YES;
				GCC_WARN_UNUSED_VARIABLE = YES;
				IPHONEOS_DEPLOYMENT_TARGET = 16.1;
				MTL_ENABLE_DEBUG_INFO = NO;
				MTL_FAST_MATH = YES;
				SDKROOT = iphoneos;
				SWIFT_COMPILATION_MODE = wholemodule;
				SWIFT_OPTIMIZATION_LEVEL = "-O";
				VALIDATE_PRODUCT = YES;
			};
			name = Release;
		};
		6E8E6BAC2937511A003365CF /* Debug */ = {
			isa = XCBuildConfiguration;
			buildSettings = {
				ASSETCATALOG_COMPILER_APPICON_NAME = AppIcon;
				ASSETCATALOG_COMPILER_GLOBAL_ACCENT_COLOR_NAME = AccentColor;
				CODE_SIGN_STYLE = Automatic;
				CURRENT_PROJECT_VERSION = 1;
				DEVELOPMENT_TEAM = 7YM75J8UJJ;
				GENERATE_INFOPLIST_FILE = YES;
				INFOPLIST_FILE = mySwiftStudy/Info.plist;
				INFOPLIST_KEY_UIApplicationSupportsIndirectInputEvents = YES;
				INFOPLIST_KEY_UILaunchStoryboardName = LaunchScreen;
				INFOPLIST_KEY_UIMainStoryboardFile = Main;
				INFOPLIST_KEY_UISupportedInterfaceOrientations_iPad = "UIInterfaceOrientationPortrait UIInterfaceOrientationPortraitUpsideDown UIInterfaceOrientationLandscapeLeft UIInterfaceOrientationLandscapeRight";
				INFOPLIST_KEY_UISupportedInterfaceOrientations_iPhone = "UIInterfaceOrientationPortrait UIInterfaceOrientationLandscapeLeft UIInterfaceOrientationLandscapeRight";
				LD_RUNPATH_SEARCH_PATHS = (
					"$(inherited)",
					"@executable_path/Frameworks",
				);
				MARKETING_VERSION = 1.0;
				PRODUCT_BUNDLE_IDENTIFIER = com.chul.mySwiftStudy;
				PRODUCT_NAME = "$(TARGET_NAME)";
				SWIFT_EMIT_LOC_STRINGS = YES;
				SWIFT_VERSION = 5.0;
				TARGETED_DEVICE_FAMILY = "1,2";
			};
			name = Debug;
		};
		6E8E6BAD2937511A003365CF /* Release */ = {
			isa = XCBuildConfiguration;
			buildSettings = {
				ASSETCATALOG_COMPILER_APPICON_NAME = AppIcon;
				ASSETCATALOG_COMPILER_GLOBAL_ACCENT_COLOR_NAME = AccentColor;
				CODE_SIGN_STYLE = Automatic;
				CURRENT_PROJECT_VERSION = 1;
				DEVELOPMENT_TEAM = 7YM75J8UJJ;
				GENERATE_INFOPLIST_FILE = YES;
				INFOPLIST_FILE = mySwiftStudy/Info.plist;
				INFOPLIST_KEY_UIApplicationSupportsIndirectInputEvents = YES;
				INFOPLIST_KEY_UILaunchStoryboardName = LaunchScreen;
				INFOPLIST_KEY_UIMainStoryboardFile = Main;
				INFOPLIST_KEY_UISupportedInterfaceOrientations_iPad = "UIInterfaceOrientationPortrait UIInterfaceOrientationPortraitUpsideDown UIInterfaceOrientationLandscapeLeft UIInterfaceOrientationLandscapeRight";
				INFOPLIST_KEY_UISupportedInterfaceOrientations_iPhone = "UIInterfaceOrientationPortrait UIInterfaceOrientationLandscapeLeft UIInterfaceOrientationLandscapeRight";
				LD_RUNPATH_SEARCH_PATHS = (
					"$(inherited)",
					"@executable_path/Frameworks",
				);
				MARKETING_VERSION = 1.0;
				PRODUCT_BUNDLE_IDENTIFIER = com.chul.mySwiftStudy;
				PRODUCT_NAME = "$(TARGET_NAME)";
				SWIFT_EMIT_LOC_STRINGS = YES;
				SWIFT_VERSION = 5.0;
				TARGETED_DEVICE_FAMILY = "1,2";
			};
			name = Release;
		};
		6E8E6BAF2937511A003365CF /* Debug */ = {
			isa = XCBuildConfiguration;
			buildSettings = {
				ALWAYS_EMBED_SWIFT_STANDARD_LIBRARIES = YES;
				BUNDLE_LOADER = "$(TEST_HOST)";
				CODE_SIGN_STYLE = Automatic;
				CURRENT_PROJECT_VERSION = 1;
				DEVELOPMENT_TEAM = 7YM75J8UJJ;
				GENERATE_INFOPLIST_FILE = YES;
				IPHONEOS_DEPLOYMENT_TARGET = 16.1;
				MARKETING_VERSION = 1.0;
				PRODUCT_BUNDLE_IDENTIFIER = com.chul.mySwiftStudyTests;
				PRODUCT_NAME = "$(TARGET_NAME)";
				SWIFT_EMIT_LOC_STRINGS = NO;
				SWIFT_VERSION = 5.0;
				TARGETED_DEVICE_FAMILY = "1,2";
				TEST_HOST = "$(BUILT_PRODUCTS_DIR)/mySwiftStudy.app/$(BUNDLE_EXECUTABLE_FOLDER_PATH)/mySwiftStudy";
			};
			name = Debug;
		};
		6E8E6BB02937511A003365CF /* Release */ = {
			isa = XCBuildConfiguration;
			buildSettings = {
				ALWAYS_EMBED_SWIFT_STANDARD_LIBRARIES = YES;
				BUNDLE_LOADER = "$(TEST_HOST)";
				CODE_SIGN_STYLE = Automatic;
				CURRENT_PROJECT_VERSION = 1;
				DEVELOPMENT_TEAM = 7YM75J8UJJ;
				GENERATE_INFOPLIST_FILE = YES;
				IPHONEOS_DEPLOYMENT_TARGET = 16.1;
				MARKETING_VERSION = 1.0;
				PRODUCT_BUNDLE_IDENTIFIER = com.chul.mySwiftStudyTests;
				PRODUCT_NAME = "$(TARGET_NAME)";
				SWIFT_EMIT_LOC_STRINGS = NO;
				SWIFT_VERSION = 5.0;
				TARGETED_DEVICE_FAMILY = "1,2";
				TEST_HOST = "$(BUILT_PRODUCTS_DIR)/mySwiftStudy.app/$(BUNDLE_EXECUTABLE_FOLDER_PATH)/mySwiftStudy";
			};
			name = Release;
		};
		6E8E6BB22937511A003365CF /* Debug */ = {
			isa = XCBuildConfiguration;
			buildSettings = {
				ALWAYS_EMBED_SWIFT_STANDARD_LIBRARIES = YES;
				CODE_SIGN_STYLE = Automatic;
				CURRENT_PROJECT_VERSION = 1;
				DEVELOPMENT_TEAM = 7YM75J8UJJ;
				GENERATE_INFOPLIST_FILE = YES;
				MARKETING_VERSION = 1.0;
				PRODUCT_BUNDLE_IDENTIFIER = com.chul.mySwiftStudyUITests;
				PRODUCT_NAME = "$(TARGET_NAME)";
				SWIFT_EMIT_LOC_STRINGS = NO;
				SWIFT_VERSION = 5.0;
				TARGETED_DEVICE_FAMILY = "1,2";
				TEST_TARGET_NAME = mySwiftStudy;
			};
			name = Debug;
		};
		6E8E6BB32937511A003365CF /* Release */ = {
			isa = XCBuildConfiguration;
			buildSettings = {
				ALWAYS_EMBED_SWIFT_STANDARD_LIBRARIES = YES;
				CODE_SIGN_STYLE = Automatic;
				CURRENT_PROJECT_VERSION = 1;
				DEVELOPMENT_TEAM = 7YM75J8UJJ;
				GENERATE_INFOPLIST_FILE = YES;
				MARKETING_VERSION = 1.0;
				PRODUCT_BUNDLE_IDENTIFIER = com.chul.mySwiftStudyUITests;
				PRODUCT_NAME = "$(TARGET_NAME)";
				SWIFT_EMIT_LOC_STRINGS = NO;
				SWIFT_VERSION = 5.0;
				TARGETED_DEVICE_FAMILY = "1,2";
				TEST_TARGET_NAME = mySwiftStudy;
			};
			name = Release;
		};
/* End XCBuildConfiguration section */

/* Begin XCConfigurationList section */
		6E8E6B7C29375118003365CF /* Build configuration list for PBXProject "mySwiftStudy" */ = {
			isa = XCConfigurationList;
			buildConfigurations = (
				6E8E6BA92937511A003365CF /* Debug */,
				6E8E6BAA2937511A003365CF /* Release */,
			);
			defaultConfigurationIsVisible = 0;
			defaultConfigurationName = Release;
		};
		6E8E6BAB2937511A003365CF /* Build configuration list for PBXNativeTarget "mySwiftStudy" */ = {
			isa = XCConfigurationList;
			buildConfigurations = (
				6E8E6BAC2937511A003365CF /* Debug */,
				6E8E6BAD2937511A003365CF /* Release */,
			);
			defaultConfigurationIsVisible = 0;
			defaultConfigurationName = Release;
		};
		6E8E6BAE2937511A003365CF /* Build configuration list for PBXNativeTarget "mySwiftStudyTests" */ = {
			isa = XCConfigurationList;
			buildConfigurations = (
				6E8E6BAF2937511A003365CF /* Debug */,
				6E8E6BB02937511A003365CF /* Release */,
			);
			defaultConfigurationIsVisible = 0;
			defaultConfigurationName = Release;
		};
		6E8E6BB12937511A003365CF /* Build configuration list for PBXNativeTarget "mySwiftStudyUITests" */ = {
			isa = XCConfigurationList;
			buildConfigurations = (
				6E8E6BB22937511A003365CF /* Debug */,
				6E8E6BB32937511A003365CF /* Release */,
			);
			defaultConfigurationIsVisible = 0;
			defaultConfigurationName = Release;
		};
/* End XCConfigurationList section */
	};
	rootObject = 6E8E6B7929375118003365CF /* Project object */;
}
